
Microsoft Visual Studio Solution File, Format Version 12.00
# Visual Studio Version 17
VisualStudioVersion = 17.10.35027.167
MinimumVisualStudioVersion = 10.0.40219.1
Project("{9A19103F-16F7-4668-BE54-9A1E7A4F7556}") = "Blazor_TaskManager", "Blazor_TaskManager\Blazor_TaskManager.csproj", "{66548307-7D3C-4722-9B64-BB64E8D8709E}"
EndProject
Global
	GlobalSection(SolutionConfigurationPlatforms) = preSolution
		Debug|Any CPU = Debug|Any CPU
		Release|Any CPU = Release|Any CPU
	EndGlobalSection
	GlobalSection(ProjectConfigurationPlatforms) = postSolution
		{66548307-7D3C-4722-9B64-BB64E8D8709E}.Debug|Any CPU.ActiveCfg = Debug|Any CPU
		{66548307-7D3C-4722-9B64-BB64E8D8709E}.Debug|Any CPU.Build.0 = Debug|Any CPU
		{66548307-7D3C-4722-9B64-BB64E8D8709E}.Release|Any CPU.ActiveCfg = Release|Any CPU
		{66548307-7D3C-4722-9B64-BB64E8D8709E}.Release|Any CPU.Build.0 = Release|Any CPU
	EndGlobalSection
	GlobalSection(SolutionProperties) = preSolution
		HideSolutionNode = FALSE
	EndGlobalSection
	GlobalSection(ExtensibilityGlobals) = postSolution
		SolutionGuid = {23C1E9FC-78EE-49F4-85BE-3F96C3951CD7}
	EndGlobalSection
EndGlobal
